// !$*UTF8*$!
{
	archiveVersion = 1;
	classes = {
	};
	objectVersion = 46;
	objects = {

/* Begin PBXBuildFile section */
		1E28C5321E6B0DF5004E4BA6 /* Extn.swift in Sources */ = {isa = PBXBuildFile; fileRef = 1E28C5311E6B0DF5004E4BA6 /* Extn.swift */; };
		1E3E928A1E6BEF19008B28C4 /* Post.swift in Sources */ = {isa = PBXBuildFile; fileRef = 1E3E92891E6BEF18008B28C4 /* Post.swift */; };
		1E67B1431E68398500C2B238 /* DataService.swift in Sources */ = {isa = PBXBuildFile; fileRef = 1E67B1421E68398500C2B238 /* DataService.swift */; };
		1E7423411E5D57CD00CD47A7 /* FancyView.swift in Sources */ = {isa = PBXBuildFile; fileRef = 1E7423401E5D57CD00CD47A7 /* FancyView.swift */; };
		1E7423441E5D58B800CD47A7 /* Constants.swift in Sources */ = {isa = PBXBuildFile; fileRef = 1E7423431E5D58B800CD47A7 /* Constants.swift */; };
		1E7423461E5D636F00CD47A7 /* RoundButton.swift in Sources */ = {isa = PBXBuildFile; fileRef = 1E7423451E5D636F00CD47A7 /* RoundButton.swift */; };
		1E7423481E5D671200CD47A7 /* DropShadow-Protocol.swift in Sources */ = {isa = PBXBuildFile; fileRef = 1E7423471E5D671200CD47A7 /* DropShadow-Protocol.swift */; };
		1E74234A1E5D6B5F00CD47A7 /* FancyTextField.swift in Sources */ = {isa = PBXBuildFile; fileRef = 1E7423491E5D6B5F00CD47A7 /* FancyTextField.swift */; };
		1E74234C1E5D6E1D00CD47A7 /* FuncyButton.swift in Sources */ = {isa = PBXBuildFile; fileRef = 1E74234B1E5D6E1D00CD47A7 /* FuncyButton.swift */; };
		1E74234E1E5D6E5A00CD47A7 /* Extensions.swift in Sources */ = {isa = PBXBuildFile; fileRef = 1E74234D1E5D6E5A00CD47A7 /* Extensions.swift */; };
		1EC427FC1E65312F0069BEFD /* CircleImageView.swift in Sources */ = {isa = PBXBuildFile; fileRef = 1EC427FB1E65312F0069BEFD /* CircleImageView.swift */; };
		1EC427FE1E654A8F0069BEFD /* PostCell.swift in Sources */ = {isa = PBXBuildFile; fileRef = 1EC427FD1E654A8F0069BEFD /* PostCell.swift */; };
		1EEE00291E5BC4670090F9ED /* AppDelegate.swift in Sources */ = {isa = PBXBuildFile; fileRef = 1EEE00281E5BC4670090F9ED /* AppDelegate.swift */; };
		1EEE002B1E5BC4670090F9ED /* SignInVC.swift in Sources */ = {isa = PBXBuildFile; fileRef = 1EEE002A1E5BC4670090F9ED /* SignInVC.swift */; };
		1EEE002E1E5BC4670090F9ED /* Main.storyboard in Resources */ = {isa = PBXBuildFile; fileRef = 1EEE002C1E5BC4670090F9ED /* Main.storyboard */; };
		1EEE00301E5BC4670090F9ED /* Assets.xcassets in Resources */ = {isa = PBXBuildFile; fileRef = 1EEE002F1E5BC4670090F9ED /* Assets.xcassets */; };
		1EEE00331E5BC4670090F9ED /* LaunchScreen.storyboard in Resources */ = {isa = PBXBuildFile; fileRef = 1EEE00311E5BC4670090F9ED /* LaunchScreen.storyboard */; };
		1EEE003E1E5BC4680090F9ED /* devlslopes_Social_Media__Udemy_Tests.swift in Sources */ = {isa = PBXBuildFile; fileRef = 1EEE003D1E5BC4680090F9ED /* devlslopes_Social_Media__Udemy_Tests.swift */; };
		1EEE00491E5BC5510090F9ED /* GoogleService-Info.plist in Resources */ = {isa = PBXBuildFile; fileRef = 1EEE00481E5BC5510090F9ED /* GoogleService-Info.plist */; };
		1EF29B1A1E62DFA9006DB93D /* FeedVC.swift in Sources */ = {isa = PBXBuildFile; fileRef = 1EF29B191E62DFA9006DB93D /* FeedVC.swift */; };
		336828047C35F8E582B28772 /* Pods_devlslopes_Social_Media__Udemy_Tests.framework in Frameworks */ = {isa = PBXBuildFile; fileRef = 021995CA48D133555CA4A37D /* Pods_devlslopes_Social_Media__Udemy_Tests.framework */; };
		52F854159C607AC6A2B5F63F /* Pods_devlslopes_Social_Media__Udemy_.framework in Frameworks */ = {isa = PBXBuildFile; fileRef = FBEA988B2296D1772ED3A622 /* Pods_devlslopes_Social_Media__Udemy_.framework */; };
/* End PBXBuildFile section */

/* Begin PBXContainerItemProxy section */
		1EEE003A1E5BC4680090F9ED /* PBXContainerItemProxy */ = {
			isa = PBXContainerItemProxy;
			containerPortal = 1EEE001D1E5BC4660090F9ED /* Project object */;
			proxyType = 1;
			remoteGlobalIDString = 1EEE00241E5BC4670090F9ED;
			remoteInfo = "devlslopes-Social Media (Udemy)";
		};
/* End PBXContainerItemProxy section */

/* Begin PBXFileReference section */
		021995CA48D133555CA4A37D /* Pods_devlslopes_Social_Media__Udemy_Tests.framework */ = {isa = PBXFileReference; explicitFileType = wrapper.framework; includeInIndex = 0; path = Pods_devlslopes_Social_Media__Udemy_Tests.framework; sourceTree = BUILT_PRODUCTS_DIR; };
		1E28C5311E6B0DF5004E4BA6 /* Extn.swift */ = {isa = PBXFileReference; fileEncoding = 4; lastKnownFileType = sourcecode.swift; path = Extn.swift; sourceTree = "<group>"; };
		1E3E92891E6BEF18008B28C4 /* Post.swift */ = {isa = PBXFileReference; fileEncoding = 4; lastKnownFileType = sourcecode.swift; path = Post.swift; sourceTree = "<group>"; };
		1E67B1421E68398500C2B238 /* DataService.swift */ = {isa = PBXFileReference; fileEncoding = 4; lastKnownFileType = sourcecode.swift; path = DataService.swift; sourceTree = "<group>"; };
		1E7423401E5D57CD00CD47A7 /* FancyView.swift */ = {isa = PBXFileReference; fileEncoding = 4; lastKnownFileType = sourcecode.swift; path = FancyView.swift; sourceTree = "<group>"; };
		1E7423431E5D58B800CD47A7 /* Constants.swift */ = {isa = PBXFileReference; fileEncoding = 4; lastKnownFileType = sourcecode.swift; path = Constants.swift; sourceTree = "<group>"; };
		1E7423451E5D636F00CD47A7 /* RoundButton.swift */ = {isa = PBXFileReference; fileEncoding = 4; lastKnownFileType = sourcecode.swift; path = RoundButton.swift; sourceTree = "<group>"; };
		1E7423471E5D671200CD47A7 /* DropShadow-Protocol.swift */ = {isa = PBXFileReference; fileEncoding = 4; lastKnownFileType = sourcecode.swift; path = "DropShadow-Protocol.swift"; sourceTree = "<group>"; };
		1E7423491E5D6B5F00CD47A7 /* FancyTextField.swift */ = {isa = PBXFileReference; fileEncoding = 4; lastKnownFileType = sourcecode.swift; path = FancyTextField.swift; sourceTree = "<group>"; };
		1E74234B1E5D6E1D00CD47A7 /* FuncyButton.swift */ = {isa = PBXFileReference; fileEncoding = 4; lastKnownFileType = sourcecode.swift; path = FuncyButton.swift; sourceTree = "<group>"; };
		1E74234D1E5D6E5A00CD47A7 /* Extensions.swift */ = {isa = PBXFileReference; fileEncoding = 4; lastKnownFileType = sourcecode.swift; path = Extensions.swift; sourceTree = "<group>"; };
		1EC427FB1E65312F0069BEFD /* CircleImageView.swift */ = {isa = PBXFileReference; fileEncoding = 4; lastKnownFileType = sourcecode.swift; path = CircleImageView.swift; sourceTree = "<group>"; };
		1EC427FD1E654A8F0069BEFD /* PostCell.swift */ = {isa = PBXFileReference; fileEncoding = 4; lastKnownFileType = sourcecode.swift; path = PostCell.swift; sourceTree = "<group>"; };
		1EEE00251E5BC4670090F9ED /* devlslopes-Social Media (Udemy).app */ = {isa = PBXFileReference; explicitFileType = wrapper.application; includeInIndex = 0; path = "devlslopes-Social Media (Udemy).app"; sourceTree = BUILT_PRODUCTS_DIR; };
		1EEE00281E5BC4670090F9ED /* AppDelegate.swift */ = {isa = PBXFileReference; lastKnownFileType = sourcecode.swift; path = AppDelegate.swift; sourceTree = "<group>"; };
		1EEE002A1E5BC4670090F9ED /* SignInVC.swift */ = {isa = PBXFileReference; lastKnownFileType = sourcecode.swift; path = SignInVC.swift; sourceTree = "<group>"; };
		1EEE002D1E5BC4670090F9ED /* Base */ = {isa = PBXFileReference; lastKnownFileType = file.storyboard; name = Base; path = Base.lproj/Main.storyboard; sourceTree = "<group>"; };
		1EEE002F1E5BC4670090F9ED /* Assets.xcassets */ = {isa = PBXFileReference; lastKnownFileType = folder.assetcatalog; path = Assets.xcassets; sourceTree = "<group>"; };
		1EEE00321E5BC4670090F9ED /* Base */ = {isa = PBXFileReference; lastKnownFileType = file.storyboard; name = Base; path = Base.lproj/LaunchScreen.storyboard; sourceTree = "<group>"; };
		1EEE00341E5BC4670090F9ED /* Info.plist */ = {isa = PBXFileReference; lastKnownFileType = text.plist.xml; path = Info.plist; sourceTree = "<group>"; };
		1EEE00391E5BC4680090F9ED /* devlslopes-Social Media (Udemy)Tests.xctest */ = {isa = PBXFileReference; explicitFileType = wrapper.cfbundle; includeInIndex = 0; path = "devlslopes-Social Media (Udemy)Tests.xctest"; sourceTree = BUILT_PRODUCTS_DIR; };
		1EEE003D1E5BC4680090F9ED /* devlslopes_Social_Media__Udemy_Tests.swift */ = {isa = PBXFileReference; lastKnownFileType = sourcecode.swift; path = devlslopes_Social_Media__Udemy_Tests.swift; sourceTree = "<group>"; };
		1EEE003F1E5BC4680090F9ED /* Info.plist */ = {isa = PBXFileReference; lastKnownFileType = text.plist.xml; path = Info.plist; sourceTree = "<group>"; };
		1EEE00481E5BC5510090F9ED /* GoogleService-Info.plist */ = {isa = PBXFileReference; fileEncoding = 4; lastKnownFileType = text.plist.xml; path = "GoogleService-Info.plist"; sourceTree = "<group>"; };
		1EF29B191E62DFA9006DB93D /* FeedVC.swift */ = {isa = PBXFileReference; fileEncoding = 4; lastKnownFileType = sourcecode.swift; path = FeedVC.swift; sourceTree = "<group>"; };
		2665DB0A09F9C2EC7E96F835 /* Pods-devlslopes-Social Media (Udemy).release.xcconfig */ = {isa = PBXFileReference; includeInIndex = 1; lastKnownFileType = text.xcconfig; name = "Pods-devlslopes-Social Media (Udemy).release.xcconfig"; path = "Pods/Target Support Files/Pods-devlslopes-Social Media (Udemy)/Pods-devlslopes-Social Media (Udemy).release.xcconfig"; sourceTree = "<group>"; };
		40A95660360FB3BB1FEB13ED /* Pods-devlslopes-Social Media (Udemy)Tests.debug.xcconfig */ = {isa = PBXFileReference; includeInIndex = 1; lastKnownFileType = text.xcconfig; name = "Pods-devlslopes-Social Media (Udemy)Tests.debug.xcconfig"; path = "Pods/Target Support Files/Pods-devlslopes-Social Media (Udemy)Tests/Pods-devlslopes-Social Media (Udemy)Tests.debug.xcconfig"; sourceTree = "<group>"; };
		55B0916D03B925A45440F0C6 /* Pods-devlslopes-Social Media (Udemy).debug.xcconfig */ = {isa = PBXFileReference; includeInIndex = 1; lastKnownFileType = text.xcconfig; name = "Pods-devlslopes-Social Media (Udemy).debug.xcconfig"; path = "Pods/Target Support Files/Pods-devlslopes-Social Media (Udemy)/Pods-devlslopes-Social Media (Udemy).debug.xcconfig"; sourceTree = "<group>"; };
		631981BE74D76B2B625086F1 /* Pods-devlslopes-Social Media (Udemy)Tests.release.xcconfig */ = {isa = PBXFileReference; includeInIndex = 1; lastKnownFileType = text.xcconfig; name = "Pods-devlslopes-Social Media (Udemy)Tests.release.xcconfig"; path = "Pods/Target Support Files/Pods-devlslopes-Social Media (Udemy)Tests/Pods-devlslopes-Social Media (Udemy)Tests.release.xcconfig"; sourceTree = "<group>"; };
		FBEA988B2296D1772ED3A622 /* Pods_devlslopes_Social_Media__Udemy_.framework */ = {isa = PBXFileReference; explicitFileType = wrapper.framework; includeInIndex = 0; path = Pods_devlslopes_Social_Media__Udemy_.framework; sourceTree = BUILT_PRODUCTS_DIR; };
/* End PBXFileReference section */

/* Begin PBXFrameworksBuildPhase section */
		1EEE00221E5BC4670090F9ED /* Frameworks */ = {
			isa = PBXFrameworksBuildPhase;
			buildActionMask = 2147483647;
			files = (
				52F854159C607AC6A2B5F63F /* Pods_devlslopes_Social_Media__Udemy_.framework in Frameworks */,
			);
			runOnlyForDeploymentPostprocessing = 0;
		};
		1EEE00361E5BC4680090F9ED /* Frameworks */ = {
			isa = PBXFrameworksBuildPhase;
			buildActionMask = 2147483647;
			files = (
				336828047C35F8E582B28772 /* Pods_devlslopes_Social_Media__Udemy_Tests.framework in Frameworks */,
			);
			runOnlyForDeploymentPostprocessing = 0;
		};
/* End PBXFrameworksBuildPhase section */

/* Begin PBXGroup section */
		1E53AE831E5EBCD7003E70BB /* Things not using */ = {
			isa = PBXGroup;
			children = (
				1E74234D1E5D6E5A00CD47A7 /* Extensions.swift */,
				1E7423451E5D636F00CD47A7 /* RoundButton.swift */,
			);
			name = "Things not using";
			sourceTree = "<group>";
		};
		1E67B1411E68395C00C2B238 /* Services */ = {
			isa = PBXGroup;
			children = (
				1E67B1421E68398500C2B238 /* DataService.swift */,
			);
			name = Services;
			sourceTree = "<group>";
		};
		1E7423421E5D589300CD47A7 /* Util */ = {
			isa = PBXGroup;
			children = (
				1E7423431E5D58B800CD47A7 /* Constants.swift */,
				1E7423471E5D671200CD47A7 /* DropShadow-Protocol.swift */,
				1E28C5311E6B0DF5004E4BA6 /* Extn.swift */,
			);
			name = Util;
			sourceTree = "<group>";
		};
		1EEE001C1E5BC4660090F9ED = {
			isa = PBXGroup;
			children = (
				1EEE00271E5BC4670090F9ED /* devlslopes-Social Media (Udemy) */,
				1EEE003C1E5BC4680090F9ED /* devlslopes-Social Media (Udemy)Tests */,
				1EEE00261E5BC4670090F9ED /* Products */,
				62D3F95BA703937552E9B4E3 /* Pods */,
				7C9ADC0CA79B77573E8B6F8D /* Frameworks */,
			);
			sourceTree = "<group>";
		};
		1EEE00261E5BC4670090F9ED /* Products */ = {
			isa = PBXGroup;
			children = (
				1EEE00251E5BC4670090F9ED /* devlslopes-Social Media (Udemy).app */,
				1EEE00391E5BC4680090F9ED /* devlslopes-Social Media (Udemy)Tests.xctest */,
			);
			name = Products;
			sourceTree = "<group>";
		};
		1EEE00271E5BC4670090F9ED /* devlslopes-Social Media (Udemy) */ = {
			isa = PBXGroup;
			children = (
				1E67B1411E68395C00C2B238 /* Services */,
				1E53AE831E5EBCD7003E70BB /* Things not using */,
				1E7423421E5D589300CD47A7 /* Util */,
				1EEE004A1E5BC9700090F9ED /* Model */,
				1EEE004C1E5BC97A0090F9ED /* Controller */,
				1EEE004B1E5BC9760090F9ED /* View */,
				1EEE00281E5BC4670090F9ED /* AppDelegate.swift */,
				1EEE002C1E5BC4670090F9ED /* Main.storyboard */,
				1EEE00481E5BC5510090F9ED /* GoogleService-Info.plist */,
				1EEE002F1E5BC4670090F9ED /* Assets.xcassets */,
				1EEE00311E5BC4670090F9ED /* LaunchScreen.storyboard */,
				1EEE00341E5BC4670090F9ED /* Info.plist */,
			);
			path = "devlslopes-Social Media (Udemy)";
			sourceTree = "<group>";
		};
		1EEE003C1E5BC4680090F9ED /* devlslopes-Social Media (Udemy)Tests */ = {
			isa = PBXGroup;
			children = (
				1EEE003D1E5BC4680090F9ED /* devlslopes_Social_Media__Udemy_Tests.swift */,
				1EEE003F1E5BC4680090F9ED /* Info.plist */,
			);
			path = "devlslopes-Social Media (Udemy)Tests";
			sourceTree = "<group>";
		};
		1EEE004A1E5BC9700090F9ED /* Model */ = {
			isa = PBXGroup;
			children = (
				1E3E92891E6BEF18008B28C4 /* Post.swift */,
			);
			name = Model;
			sourceTree = "<group>";
		};
		1EEE004B1E5BC9760090F9ED /* View */ = {
			isa = PBXGroup;
			children = (
				1E7423401E5D57CD00CD47A7 /* FancyView.swift */,
				1E7423491E5D6B5F00CD47A7 /* FancyTextField.swift */,
				1E74234B1E5D6E1D00CD47A7 /* FuncyButton.swift */,
				1EC427FB1E65312F0069BEFD /* CircleImageView.swift */,
				1EC427FD1E654A8F0069BEFD /* PostCell.swift */,
			);
			name = View;
			sourceTree = "<group>";
		};
		1EEE004C1E5BC97A0090F9ED /* Controller */ = {
			isa = PBXGroup;
			children = (
				1EEE002A1E5BC4670090F9ED /* SignInVC.swift */,
				1EF29B191E62DFA9006DB93D /* FeedVC.swift */,
			);
			name = Controller;
			sourceTree = "<group>";
		};
		62D3F95BA703937552E9B4E3 /* Pods */ = {
			isa = PBXGroup;
			children = (
				55B0916D03B925A45440F0C6 /* Pods-devlslopes-Social Media (Udemy).debug.xcconfig */,
				2665DB0A09F9C2EC7E96F835 /* Pods-devlslopes-Social Media (Udemy).release.xcconfig */,
				40A95660360FB3BB1FEB13ED /* Pods-devlslopes-Social Media (Udemy)Tests.debug.xcconfig */,
				631981BE74D76B2B625086F1 /* Pods-devlslopes-Social Media (Udemy)Tests.release.xcconfig */,
			);
			name = Pods;
			sourceTree = "<group>";
		};
		7C9ADC0CA79B77573E8B6F8D /* Frameworks */ = {
			isa = PBXGroup;
			children = (
				FBEA988B2296D1772ED3A622 /* Pods_devlslopes_Social_Media__Udemy_.framework */,
				021995CA48D133555CA4A37D /* Pods_devlslopes_Social_Media__Udemy_Tests.framework */,
			);
			name = Frameworks;
			sourceTree = "<group>";
		};
/* End PBXGroup section */

/* Begin PBXNativeTarget section */
		1EEE00241E5BC4670090F9ED /* devlslopes-Social Media (Udemy) */ = {
			isa = PBXNativeTarget;
			buildConfigurationList = 1EEE00421E5BC4680090F9ED /* Build configuration list for PBXNativeTarget "devlslopes-Social Media (Udemy)" */;
			buildPhases = (
				46EDB9A74EA77D1E027A483E /* [CP] Check Pods Manifest.lock */,
				1EEE00211E5BC4670090F9ED /* Sources */,
				1EEE00221E5BC4670090F9ED /* Frameworks */,
				1EEE00231E5BC4670090F9ED /* Resources */,
				1F6582523E8FD158C6D9ECB2 /* [CP] Embed Pods Frameworks */,
				0B7917491B23AFF083BB71B9 /* [CP] Copy Pods Resources */,
			);
			buildRules = (
			);
			dependencies = (
			);
			name = "devlslopes-Social Media (Udemy)";
			productName = "devlslopes-Social Media (Udemy)";
			productReference = 1EEE00251E5BC4670090F9ED /* devlslopes-Social Media (Udemy).app */;
			productType = "com.apple.product-type.application";
		};
		1EEE00381E5BC4680090F9ED /* devlslopes-Social Media (Udemy)Tests */ = {
			isa = PBXNativeTarget;
			buildConfigurationList = 1EEE00451E5BC4680090F9ED /* Build configuration list for PBXNativeTarget "devlslopes-Social Media (Udemy)Tests" */;
			buildPhases = (
				9258B6558879D3E04BD92C4E /* [CP] Check Pods Manifest.lock */,
				1EEE00351E5BC4680090F9ED /* Sources */,
				1EEE00361E5BC4680090F9ED /* Frameworks */,
				1EEE00371E5BC4680090F9ED /* Resources */,
				A6213B1E38136AB574FB80DD /* [CP] Embed Pods Frameworks */,
				8D601B40E3CF3E1563B221B4 /* [CP] Copy Pods Resources */,
			);
			buildRules = (
			);
			dependencies = (
				1EEE003B1E5BC4680090F9ED /* PBXTargetDependency */,
			);
			name = "devlslopes-Social Media (Udemy)Tests";
			productName = "devlslopes-Social Media (Udemy)Tests";
			productReference = 1EEE00391E5BC4680090F9ED /* devlslopes-Social Media (Udemy)Tests.xctest */;
			productType = "com.apple.product-type.bundle.unit-test";
		};
/* End PBXNativeTarget section */

/* Begin PBXProject section */
		1EEE001D1E5BC4660090F9ED /* Project object */ = {
			isa = PBXProject;
			attributes = {
				LastSwiftUpdateCheck = 0820;
				LastUpgradeCheck = 0820;
				ORGANIZATIONNAME = "Mahmoud SMGL";
				TargetAttributes = {
					1EEE00241E5BC4670090F9ED = {
						CreatedOnToolsVersion = 8.2.1;
						DevelopmentTeam = 5PD448JSVP;
						LastSwiftMigration = 0820;
						ProvisioningStyle = Automatic;
					};
					1EEE00381E5BC4680090F9ED = {
						CreatedOnToolsVersion = 8.2.1;
						DevelopmentTeam = 5PD448JSVP;
						ProvisioningStyle = Automatic;
						TestTargetID = 1EEE00241E5BC4670090F9ED;
					};
				};
			};
			buildConfigurationList = 1EEE00201E5BC4660090F9ED /* Build configuration list for PBXProject "devlslopes-Social Media (Udemy)" */;
			compatibilityVersion = "Xcode 3.2";
			developmentRegion = English;
			hasScannedForEncodings = 0;
			knownRegions = (
				en,
				Base,
			);
			mainGroup = 1EEE001C1E5BC4660090F9ED;
			productRefGroup = 1EEE00261E5BC4670090F9ED /* Products */;
			projectDirPath = "";
			projectRoot = "";
			targets = (
				1EEE00241E5BC4670090F9ED /* devlslopes-Social Media (Udemy) */,
				1EEE00381E5BC4680090F9ED /* devlslopes-Social Media (Udemy)Tests */,
			);
		};
/* End PBXProject section */

/* Begin PBXResourcesBuildPhase section */
		1EEE00231E5BC4670090F9ED /* Resources */ = {
			isa = PBXResourcesBuildPhase;
			buildActionMask = 2147483647;
			files = (
				1EEE00331E5BC4670090F9ED /* LaunchScreen.storyboard in Resources */,
				1EEE00301E5BC4670090F9ED /* Assets.xcassets in Resources */,
				1EEE00491E5BC5510090F9ED /* GoogleService-Info.plist in Resources */,
				1EEE002E1E5BC4670090F9ED /* Main.storyboard in Resources */,
			);
			runOnlyForDeploymentPostprocessing = 0;
		};
		1EEE00371E5BC4680090F9ED /* Resources */ = {
			isa = PBXResourcesBuildPhase;
			buildActionMask = 2147483647;
			files = (
			);
			runOnlyForDeploymentPostprocessing = 0;
		};
/* End PBXResourcesBuildPhase section */

/* Begin PBXShellScriptBuildPhase section */
		0B7917491B23AFF083BB71B9 /* [CP] Copy Pods Resources */ = {
			isa = PBXShellScriptBuildPhase;
			buildActionMask = 2147483647;
			files = (
			);
			inputPaths = (
			);
			name = "[CP] Copy Pods Resources";
			outputPaths = (
			);
			runOnlyForDeploymentPostprocessing = 0;
			shellPath = /bin/sh;
			shellScript = "\"${SRCROOT}/Pods/Target Support Files/Pods-devlslopes-Social Media (Udemy)/Pods-devlslopes-Social Media (Udemy)-resources.sh\"\n";
			showEnvVarsInLog = 0;
		};
		1F6582523E8FD158C6D9ECB2 /* [CP] Embed Pods Frameworks */ = {
			isa = PBXShellScriptBuildPhase;
			buildActionMask = 2147483647;
			files = (
			);
			inputPaths = (
			);
			name = "[CP] Embed Pods Frameworks";
			outputPaths = (
			);
			runOnlyForDeploymentPostprocessing = 0;
			shellPath = /bin/sh;
			shellScript = "\"${SRCROOT}/Pods/Target Support Files/Pods-devlslopes-Social Media (Udemy)/Pods-devlslopes-Social Media (Udemy)-frameworks.sh\"\n";
			showEnvVarsInLog = 0;
		};
		46EDB9A74EA77D1E027A483E /* [CP] Check Pods Manifest.lock */ = {
			isa = PBXShellScriptBuildPhase;
			buildActionMask = 2147483647;
			files = (
			);
			inputPaths = (
			);
			name = "[CP] Check Pods Manifest.lock";
			outputPaths = (
			);
			runOnlyForDeploymentPostprocessing = 0;
			shellPath = /bin/sh;
			shellScript = "diff \"${PODS_ROOT}/../Podfile.lock\" \"${PODS_ROOT}/Manifest.lock\" > /dev/null\nif [ $? != 0 ] ; then\n    # print error to STDERR\n    echo \"error: The sandbox is not in sync with the Podfile.lock. Run 'pod install' or update your CocoaPods installation.\" >&2\n    exit 1\nfi\n";
			showEnvVarsInLog = 0;
		};
		8D601B40E3CF3E1563B221B4 /* [CP] Copy Pods Resources */ = {
			isa = PBXShellScriptBuildPhase;
			buildActionMask = 2147483647;
			files = (
			);
			inputPaths = (
			);
			name = "[CP] Copy Pods Resources";
			outputPaths = (
			);
			runOnlyForDeploymentPostprocessing = 0;
			shellPath = /bin/sh;
			shellScript = "\"${SRCROOT}/Pods/Target Support Files/Pods-devlslopes-Social Media (Udemy)Tests/Pods-devlslopes-Social Media (Udemy)Tests-resources.sh\"\n";
			showEnvVarsInLog = 0;
		};
		9258B6558879D3E04BD92C4E /* [CP] Check Pods Manifest.lock */ = {
			isa = PBXShellScriptBuildPhase;
			buildActionMask = 2147483647;
			files = (
			);
			inputPaths = (
			);
			name = "[CP] Check Pods Manifest.lock";
			outputPaths = (
			);
			runOnlyForDeploymentPostprocessing = 0;
			shellPath = /bin/sh;
			shellScript = "diff \"${PODS_ROOT}/../Podfile.lock\" \"${PODS_ROOT}/Manifest.lock\" > /dev/null\nif [ $? != 0 ] ; then\n    # print error to STDERR\n    echo \"error: The sandbox is not in sync with the Podfile.lock. Run 'pod install' or update your CocoaPods installation.\" >&2\n    exit 1\nfi\n";
			showEnvVarsInLog = 0;
		};
		A6213B1E38136AB574FB80DD /* [CP] Embed Pods Frameworks */ = {
			isa = PBXShellScriptBuildPhase;
			buildActionMask = 2147483647;
			files = (
			);
			inputPaths = (
			);
			name = "[CP] Embed Pods Frameworks";
			outputPaths = (
			);
			runOnlyForDeploymentPostprocessing = 0;
			shellPath = /bin/sh;
			shellScript = "\"${SRCROOT}/Pods/Target Support Files/Pods-devlslopes-Social Media (Udemy)Tests/Pods-devlslopes-Social Media (Udemy)Tests-frameworks.sh\"\n";
			showEnvVarsInLog = 0;
		};
/* End PBXShellScriptBuildPhase section */

/* Begin PBXSourcesBuildPhase section */
		1EEE00211E5BC4670090F9ED /* Sources */ = {
			isa = PBXSourcesBuildPhase;
			buildActionMask = 2147483647;
			files = (
				1EC427FC1E65312F0069BEFD /* CircleImageView.swift in Sources */,
				1E67B1431E68398500C2B238 /* DataService.swift in Sources */,
				1E7423481E5D671200CD47A7 /* DropShadow-Protocol.swift in Sources */,
				1E74234E1E5D6E5A00CD47A7 /* Extensions.swift in Sources */,
				1E28C5321E6B0DF5004E4BA6 /* Extn.swift in Sources */,
				1EF29B1A1E62DFA9006DB93D /* FeedVC.swift in Sources */,
				1EEE002B1E5BC4670090F9ED /* SignInVC.swift in Sources */,
				1E7423461E5D636F00CD47A7 /* RoundButton.swift in Sources */,
				1EEE00291E5BC4670090F9ED /* AppDelegate.swift in Sources */,
				1E3E928A1E6BEF19008B28C4 /* Post.swift in Sources */,
				1E74234A1E5D6B5F00CD47A7 /* FancyTextField.swift in Sources */,
				1E74234C1E5D6E1D00CD47A7 /* FuncyButton.swift in Sources */,
				1E7423411E5D57CD00CD47A7 /* FancyView.swift in Sources */,
				1E7423441E5D58B800CD47A7 /* Constants.swift in Sources */,
				1EC427FE1E654A8F0069BEFD /* PostCell.swift in Sources */,
			);
			runOnlyForDeploymentPostprocessing = 0;
		};
		1EEE00351E5BC4680090F9ED /* Sources */ = {
			isa = PBXSourcesBuildPhase;
			buildActionMask = 2147483647;
			files = (
				1EEE003E1E5BC4680090F9ED /* devlslopes_Social_Media__Udemy_Tests.swift in Sources */,
			);
			runOnlyForDeploymentPostprocessing = 0;
		};
/* End PBXSourcesBuildPhase section */

/* Begin PBXTargetDependency section */
		1EEE003B1E5BC4680090F9ED /* PBXTargetDependency */ = {
			isa = PBXTargetDependency;
			target = 1EEE00241E5BC4670090F9ED /* devlslopes-Social Media (Udemy) */;
			targetProxy = 1EEE003A1E5BC4680090F9ED /* PBXContainerItemProxy */;
		};
/* End PBXTargetDependency section */

/* Begin PBXVariantGroup section */
		1EEE002C1E5BC4670090F9ED /* Main.storyboard */ = {
			isa = PBXVariantGroup;
			children = (
				1EEE002D1E5BC4670090F9ED /* Base */,
			);
			name = Main.storyboard;
			sourceTree = "<group>";
		};
		1EEE00311E5BC4670090F9ED /* LaunchScreen.storyboard */ = {
			isa = PBXVariantGroup;
			children = (
				1EEE00321E5BC4670090F9ED /* Base */,
			);
			name = LaunchScreen.storyboard;
			sourceTree = "<group>";
		};
/* End PBXVariantGroup section */

/* Begin XCBuildConfiguration section */
		1EEE00401E5BC4680090F9ED /* Debug */ = {
			isa = XCBuildConfiguration;
			buildSettings = {
				ALWAYS_SEARCH_USER_PATHS = NO;
				CLANG_ANALYZER_NONNULL = YES;
				CLANG_CXX_LANGUAGE_STANDARD = "gnu++0x";
				CLANG_CXX_LIBRARY = "libc++";
				CLANG_ENABLE_MODULES = YES;
				CLANG_ENABLE_OBJC_ARC = YES;
				CLANG_WARN_BOOL_CONVERSION = YES;
				CLANG_WARN_CONSTANT_CONVERSION = YES;
				CLANG_WARN_DIRECT_OBJC_ISA_USAGE = YES_ERROR;
				CLANG_WARN_DOCUMENTATION_COMMENTS = YES;
				CLANG_WARN_EMPTY_BODY = YES;
				CLANG_WARN_ENUM_CONVERSION = YES;
				CLANG_WARN_INFINITE_RECURSION = YES;
				CLANG_WARN_INT_CONVERSION = YES;
				CLANG_WARN_OBJC_ROOT_CLASS = YES_ERROR;
				CLANG_WARN_SUSPICIOUS_MOVE = YES;
				CLANG_WARN_UNREACHABLE_CODE = YES;
				CLANG_WARN__DUPLICATE_METHOD_MATCH = YES;
				"CODE_SIGN_IDENTITY[sdk=iphoneos*]" = "iPhone Developer";
				COPY_PHASE_STRIP = NO;
				DEBUG_INFORMATION_FORMAT = dwarf;
				ENABLE_STRICT_OBJC_MSGSEND = YES;
				ENABLE_TESTABILITY = YES;
				GCC_C_LANGUAGE_STANDARD = gnu99;
				GCC_DYNAMIC_NO_PIC = NO;
				GCC_NO_COMMON_BLOCKS = YES;
				GCC_OPTIMIZATION_LEVEL = 0;
				GCC_PREPROCESSOR_DEFINITIONS = (
					"DEBUG=1",
					"$(inherited)",
				);
				GCC_WARN_64_TO_32_BIT_CONVERSION = YES;
				GCC_WARN_ABOUT_RETURN_TYPE = YES_ERROR;
				GCC_WARN_UNDECLARED_SELECTOR = YES;
				GCC_WARN_UNINITIALIZED_AUTOS = YES_AGGRESSIVE;
				GCC_WARN_UNUSED_FUNCTION = YES;
				GCC_WARN_UNUSED_VARIABLE = YES;
				IPHONEOS_DEPLOYMENT_TARGET = 10.2;
				MTL_ENABLE_DEBUG_INFO = YES;
				ONLY_ACTIVE_ARCH = YES;
				SDKROOT = iphoneos;
				SWIFT_ACTIVE_COMPILATION_CONDITIONS = DEBUG;
				SWIFT_OPTIMIZATION_LEVEL = "-Onone";
				TARGETED_DEVICE_FAMILY = "1,2";
			};
			name = Debug;
		};
		1EEE00411E5BC4680090F9ED /* Release */ = {
			isa = XCBuildConfiguration;
			buildSettings = {
				ALWAYS_SEARCH_USER_PATHS = NO;
				CLANG_ANALYZER_NONNULL = YES;
				CLANG_CXX_LANGUAGE_STANDARD = "gnu++0x";
				CLANG_CXX_LIBRARY = "libc++";
				CLANG_ENABLE_MODULES = YES;
				CLANG_ENABLE_OBJC_ARC = YES;
				CLANG_WARN_BOOL_CONVERSION = YES;
				CLANG_WARN_CONSTANT_CONVERSION = YES;
				CLANG_WARN_DIRECT_OBJC_ISA_USAGE = YES_ERROR;
				CLANG_WARN_DOCUMENTATION_COMMENTS = YES;
				CLANG_WARN_EMPTY_BODY = YES;
				CLANG_WARN_ENUM_CONVERSION = YES;
				CLANG_WARN_INFINITE_RECURSION = YES;
				CLANG_WARN_INT_CONVERSION = YES;
				CLANG_WARN_OBJC_ROOT_CLASS = YES_ERROR;
				CLANG_WARN_SUSPICIOUS_MOVE = YES;
				CLANG_WARN_UNREACHABLE_CODE = YES;
				CLANG_WARN__DUPLICATE_METHOD_MATCH = YES;
				"CODE_SIGN_IDENTITY[sdk=iphoneos*]" = "iPhone Developer";
				COPY_PHASE_STRIP = NO;
				DEBUG_INFORMATION_FORMAT = "dwarf-with-dsym";
				ENABLE_NS_ASSERTIONS = NO;
				ENABLE_STRICT_OBJC_MSGSEND = YES;
				GCC_C_LANGUAGE_STANDARD = gnu99;
				GCC_NO_COMMON_BLOCKS = YES;
				GCC_WARN_64_TO_32_BIT_CONVERSION = YES;
				GCC_WARN_ABOUT_RETURN_TYPE = YES_ERROR;
				GCC_WARN_UNDECLARED_SELECTOR = YES;
				GCC_WARN_UNINITIALIZED_AUTOS = YES_AGGRESSIVE;
				GCC_WARN_UNUSED_FUNCTION = YES;
				GCC_WARN_UNUSED_VARIABLE = YES;
				IPHONEOS_DEPLOYMENT_TARGET = 10.2;
				MTL_ENABLE_DEBUG_INFO = NO;
				SDKROOT = iphoneos;
				SWIFT_OPTIMIZATION_LEVEL = "-Owholemodule";
				TARGETED_DEVICE_FAMILY = "1,2";
				VALIDATE_PRODUCT = YES;
			};
			name = Release;
		};
		1EEE00431E5BC4680090F9ED /* Debug */ = {
			isa = XCBuildConfiguration;
			baseConfigurationReference = 55B0916D03B925A45440F0C6 /* Pods-devlslopes-Social Media (Udemy).debug.xcconfig */;
			buildSettings = {
				ASSETCATALOG_COMPILER_APPICON_NAME = AppIcon;
				CLANG_ENABLE_MODULES = YES;
				DEVELOPMENT_TEAM = 5PD448JSVP;
				FRAMEWORK_SEARCH_PATHS = (
					"$(inherited)",
					"$(PROJECT_DIR)",
				);
				INFOPLIST_FILE = "devlslopes-Social Media (Udemy)/Info.plist";
				LD_RUNPATH_SEARCH_PATHS = "$(inherited) @executable_path/Frameworks";
				PRODUCT_BUNDLE_IDENTIFIER = "Mahmoud-SMGL.devlslopes-Social-Media--Udemy-";
				PRODUCT_NAME = "$(TARGET_NAME)";
				SWIFT_OPTIMIZATION_LEVEL = "-Onone";
				SWIFT_VERSION = 3.0;
			};
			name = Debug;
		};
		1EEE00441E5BC4680090F9ED /* Release */ = {
			isa = XCBuildConfiguration;
			baseConfigurationReference = 2665DB0A09F9C2EC7E96F835 /* Pods-devlslopes-Social Media (Udemy).release.xcconfig */;
			buildSettings = {
				ASSETCATALOG_COMPILER_APPICON_NAME = AppIcon;
				CLANG_ENABLE_MODULES = YES;
				DEVELOPMENT_TEAM = 5PD448JSVP;
				FRAMEWORK_SEARCH_PATHS = (
					"$(inherited)",
					"$(PROJECT_DIR)",
				);
				INFOPLIST_FILE = "devlslopes-Social Media (Udemy)/Info.plist";
				LD_RUNPATH_SEARCH_PATHS = "$(inherited) @executable_path/Frameworks";
				PRODUCT_BUNDLE_IDENTIFIER = "Mahmoud-SMGL.devlslopes-Social-Media--Udemy-";
				PRODUCT_NAME = "$(TARGET_NAME)";
				SWIFT_VERSION = 3.0;
			};
			name = Release;
		};
		1EEE00461E5BC4680090F9ED /* Debug */ = {
			isa = XCBuildConfiguration;
			baseConfigurationReference = 40A95660360FB3BB1FEB13ED /* Pods-devlslopes-Social Media (Udemy)Tests.debug.xcconfig */;
			buildSettings = {
				ALWAYS_EMBED_SWIFT_STANDARD_LIBRARIES = YES;
				BUNDLE_LOADER = "$(TEST_HOST)";
				DEVELOPMENT_TEAM = 5PD448JSVP;
				INFOPLIST_FILE = "devlslopes-Social Media (Udemy)Tests/Info.plist";
				LD_RUNPATH_SEARCH_PATHS = "$(inherited) @executable_path/Frameworks @loader_path/Frameworks";
				PRODUCT_BUNDLE_IDENTIFIER = "Mahmoud-SMGL.devlslopes-Social-Media--Udemy-Tests";
				PRODUCT_NAME = "$(TARGET_NAME)";
				SWIFT_VERSION = 3.0;
				TEST_HOST = "$(BUILT_PRODUCTS_DIR)/devlslopes-Social Media (Udemy).app/devlslopes-Social Media (Udemy)";
			};
			name = Debug;
		};
		1EEE00471E5BC4680090F9ED /* Release */ = {
			isa = XCBuildConfiguration;
			baseConfigurationReference = 631981BE74D76B2B625086F1 /* Pods-devlslopes-Social Media (Udemy)Tests.release.xcconfig */;
			buildSettings = {
				ALWAYS_EMBED_SWIFT_STANDARD_LIBRARIES = YES;
				BUNDLE_LOADER = "$(TEST_HOST)";
				DEVELOPMENT_TEAM = 5PD448JSVP;
				INFOPLIST_FILE = "devlslopes-Social Media (Udemy)Tests/Info.plist";
				LD_RUNPATH_SEARCH_PATHS = "$(inherited) @executable_path/Frameworks @loader_path/Frameworks";
				PRODUCT_BUNDLE_IDENTIFIER = "Mahmoud-SMGL.devlslopes-Social-Media--Udemy-Tests";
				PRODUCT_NAME = "$(TARGET_NAME)";
				SWIFT_VERSION = 3.0;
				TEST_HOST = "$(BUILT_PRODUCTS_DIR)/devlslopes-Social Media (Udemy).app/devlslopes-Social Media (Udemy)";
			};
			name = Release;
		};
/* End XCBuildConfiguration section */

/* Begin XCConfigurationList section */
		1EEE00201E5BC4660090F9ED /* Build configuration list for PBXProject "devlslopes-Social Media (Udemy)" */ = {
			isa = XCConfigurationList;
			buildConfigurations = (
				1EEE00401E5BC4680090F9ED /* Debug */,
				1EEE00411E5BC4680090F9ED /* Release */,
			);
			defaultConfigurationIsVisible = 0;
			defaultConfigurationName = Release;
		};
		1EEE00421E5BC4680090F9ED /* Build configuration list for PBXNativeTarget "devlslopes-Social Media (Udemy)" */ = {
			isa = XCConfigurationList;
			buildConfigurations = (
				1EEE00431E5BC4680090F9ED /* Debug */,
				1EEE00441E5BC4680090F9ED /* Release */,
			);
			defaultConfigurationIsVisible = 0;
			defaultConfigurationName = Release;
		};
		1EEE00451E5BC4680090F9ED /* Build configuration list for PBXNativeTarget "devlslopes-Social Media (Udemy)Tests" */ = {
			isa = XCConfigurationList;
			buildConfigurations = (
				1EEE00461E5BC4680090F9ED /* Debug */,
				1EEE00471E5BC4680090F9ED /* Release */,
			);
			defaultConfigurationIsVisible = 0;
			defaultConfigurationName = Release;
		};
/* End XCConfigurationList section */
	};
	rootObject = 1EEE001D1E5BC4660090F9ED /* Project object */;
}
